// !$*UTF8*$!
{
	archiveVersion = 1;
	classes = {
	};
	objectVersion = 56;
	objects = {

/* Begin PBXBuildFile section */
		4232F1EB32563D8C543F11EE /* Pods_Example.framework in Frameworks */ = {isa = PBXBuildFile; fileRef = B6B0A6ED0AFF003B2F662837 /* Pods_Example.framework */; };
		8F1BA0E62C008B0B00A61AB1 /* SYAVoiceTextView.swift in Sources */ = {isa = PBXBuildFile; fileRef = 8F1BA0E52C008B0B00A61AB1 /* SYAVoiceTextView.swift */; };
		8F1BA0EA2C008C7100A61AB1 /* ZAELabel.m in Sources */ = {isa = PBXBuildFile; fileRef = 8F1BA0E92C008C7100A61AB1 /* ZAELabel.m */; };
		8F1BA0EC2C00997600A61AB1 /* FDEVoiceModel.swift in Sources */ = {isa = PBXBuildFile; fileRef = 8F1BA0EB2C00997600A61AB1 /* FDEVoiceModel.swift */; };
		8F1BA0EE2C0099E900A61AB1 /* voiceList.json in Resources */ = {isa = PBXBuildFile; fileRef = 8F1BA0ED2C0099E900A61AB1 /* voiceList.json */; };
		8F1BA0F12C009D6600A61AB1 /* FDEUtils.m in Sources */ = {isa = PBXBuildFile; fileRef = 8F1BA0F02C009D6600A61AB1 /* FDEUtils.m */; };
		8FB4D0F32BB5B65E00BA73E8 /* 键盘打字音效.wav in Resources */ = {isa = PBXBuildFile; fileRef = 8FB4D0F12BB5B65E00BA73E8 /* 键盘打字音效.wav */; };
		8FB4D0F42BB5B65E00BA73E8 /* 咚咚.mp3 in Resources */ = {isa = PBXBuildFile; fileRef = 8FB4D0F22BB5B65E00BA73E8 /* 咚咚.mp3 */; };
		8FBDC8B828E6E73F006392B8 /* AppDelegate.swift in Sources */ = {isa = PBXBuildFile; fileRef = 8FBDC8B728E6E73F006392B8 /* AppDelegate.swift */; };
		8FBDC8BA28E6E73F006392B8 /* FDEHomeViewController.swift in Sources */ = {isa = PBXBuildFile; fileRef = 8FBDC8B928E6E73F006392B8 /* FDEHomeViewController.swift */; };
		8FBDC8BC28E6E73F006392B8 /* FDEDetailViewController.swift in Sources */ = {isa = PBXBuildFile; fileRef = 8FBDC8BB28E6E73F006392B8 /* FDEDetailViewController.swift */; };
		8FBDC8BE28E6E73F006392B8 /* FDEMessageViewController.swift in Sources */ = {isa = PBXBuildFile; fileRef = 8FBDC8BD28E6E73F006392B8 /* FDEMessageViewController.swift */; };
		8FBDC8C028E6E73F006392B8 /* FDEMineViewController.swift in Sources */ = {isa = PBXBuildFile; fileRef = 8FBDC8BF28E6E73F006392B8 /* FDEMineViewController.swift */; };
		8FBDC8C228E6E73F006392B8 /* FDETabBarController.swift in Sources */ = {isa = PBXBuildFile; fileRef = 8FBDC8C128E6E73F006392B8 /* FDETabBarController.swift */; };
		8FBDC8C428E6E73F006392B8 /* FDEBaseViewController.swift in Sources */ = {isa = PBXBuildFile; fileRef = 8FBDC8C328E6E73F006392B8 /* FDEBaseViewController.swift */; };
		8FBDC8C628E6E73F006392B8 /* FDENavigationController.swift in Sources */ = {isa = PBXBuildFile; fileRef = 8FBDC8C528E6E73F006392B8 /* FDENavigationController.swift */; };
		8FBDC8C828E6E73F006392B8 /* DLog.swift in Sources */ = {isa = PBXBuildFile; fileRef = 8FBDC8C728E6E73F006392B8 /* DLog.swift */; };
		8FBDC8CA28E6E73F006392B8 /* FDEItemModel.swift in Sources */ = {isa = PBXBuildFile; fileRef = 8FBDC8C928E6E73F006392B8 /* FDEItemModel.swift */; };
		8FBDC8CC28E6E740006392B8 /* Assets.xcassets in Resources */ = {isa = PBXBuildFile; fileRef = 8FBDC8CB28E6E740006392B8 /* Assets.xcassets */; };
		8FBDC8CF28E6E740006392B8 /* LaunchScreen.storyboard in Resources */ = {isa = PBXBuildFile; fileRef = 8FBDC8CD28E6E740006392B8 /* LaunchScreen.storyboard */; };
		8FD8400A2C00890B0072B626 /* FDEVoiceListViewController.swift in Sources */ = {isa = PBXBuildFile; fileRef = 8FD840092C00890B0072B626 /* FDEVoiceListViewController.swift */; };
		8FD8400C2C00899C0072B626 /* FDEVoiceTableViewCell.swift in Sources */ = {isa = PBXBuildFile; fileRef = 8FD8400B2C00899C0072B626 /* FDEVoiceTableViewCell.swift */; };
/* End PBXBuildFile section */

/* Begin PBXFileReference section */
		67B7DB36D1A969A9DDDEF8A5 /* Pods-Example.release.xcconfig */ = {isa = PBXFileReference; includeInIndex = 1; lastKnownFileType = text.xcconfig; name = "Pods-Example.release.xcconfig"; path = "Target Support Files/Pods-Example/Pods-Example.release.xcconfig"; sourceTree = "<group>"; };
		8208F19AB6D81E21F4099FBC /* Pods-Example.debug.xcconfig */ = {isa = PBXFileReference; includeInIndex = 1; lastKnownFileType = text.xcconfig; name = "Pods-Example.debug.xcconfig"; path = "Target Support Files/Pods-Example/Pods-Example.debug.xcconfig"; sourceTree = "<group>"; };
		8F1BA0E52C008B0B00A61AB1 /* SYAVoiceTextView.swift */ = {isa = PBXFileReference; fileEncoding = 4; lastKnownFileType = sourcecode.swift; path = SYAVoiceTextView.swift; sourceTree = "<group>"; };
		8F1BA0E72C008C7000A61AB1 /* Example-Bridging-Header.h */ = {isa = PBXFileReference; lastKnownFileType = sourcecode.c.h; path = "Example-Bridging-Header.h"; sourceTree = "<group>"; };
		8F1BA0E82C008C7100A61AB1 /* ZAELabel.h */ = {isa = PBXFileReference; fileEncoding = 4; lastKnownFileType = sourcecode.c.h; path = ZAELabel.h; sourceTree = "<group>"; };
		8F1BA0E92C008C7100A61AB1 /* ZAELabel.m */ = {isa = PBXFileReference; fileEncoding = 4; lastKnownFileType = sourcecode.c.objc; path = ZAELabel.m; sourceTree = "<group>"; };
		8F1BA0EB2C00997600A61AB1 /* FDEVoiceModel.swift */ = {isa = PBXFileReference; lastKnownFileType = sourcecode.swift; path = FDEVoiceModel.swift; sourceTree = "<group>"; };
		8F1BA0ED2C0099E900A61AB1 /* voiceList.json */ = {isa = PBXFileReference; lastKnownFileType = text.json; path = voiceList.json; sourceTree = "<group>"; };
		8F1BA0EF2C009D6600A61AB1 /* FDEUtils.h */ = {isa = PBXFileReference; lastKnownFileType = sourcecode.c.h; path = FDEUtils.h; sourceTree = "<group>"; };
		8F1BA0F02C009D6600A61AB1 /* FDEUtils.m */ = {isa = PBXFileReference; lastKnownFileType = sourcecode.c.objc; path = FDEUtils.m; sourceTree = "<group>"; };
		8FB4D0F12BB5B65E00BA73E8 /* 键盘打字音效.wav */ = {isa = PBXFileReference; lastKnownFileType = audio.wav; path = "键盘打字音效.wav"; sourceTree = "<group>"; };
		8FB4D0F22BB5B65E00BA73E8 /* 咚咚.mp3 */ = {isa = PBXFileReference; lastKnownFileType = audio.mp3; path = "咚咚.mp3"; sourceTree = "<group>"; };
		8FBDC8B428E6E73F006392B8 /* Example.app */ = {isa = PBXFileReference; explicitFileType = wrapper.application; includeInIndex = 0; path = Example.app; sourceTree = BUILT_PRODUCTS_DIR; };
		8FBDC8B728E6E73F006392B8 /* AppDelegate.swift */ = {isa = PBXFileReference; lastKnownFileType = sourcecode.swift; path = AppDelegate.swift; sourceTree = "<group>"; };
		8FBDC8B928E6E73F006392B8 /* FDEHomeViewController.swift */ = {isa = PBXFileReference; lastKnownFileType = sourcecode.swift; path = FDEHomeViewController.swift; sourceTree = "<group>"; };
		8FBDC8BB28E6E73F006392B8 /* FDEDetailViewController.swift */ = {isa = PBXFileReference; lastKnownFileType = sourcecode.swift; path = FDEDetailViewController.swift; sourceTree = "<group>"; };
		8FBDC8BD28E6E73F006392B8 /* FDEMessageViewController.swift */ = {isa = PBXFileReference; lastKnownFileType = sourcecode.swift; path = FDEMessageViewController.swift; sourceTree = "<group>"; };
		8FBDC8BF28E6E73F006392B8 /* FDEMineViewController.swift */ = {isa = PBXFileReference; lastKnownFileType = sourcecode.swift; path = FDEMineViewController.swift; sourceTree = "<group>"; };
		8FBDC8C128E6E73F006392B8 /* FDETabBarController.swift */ = {isa = PBXFileReference; lastKnownFileType = sourcecode.swift; path = FDETabBarController.swift; sourceTree = "<group>"; };
		8FBDC8C328E6E73F006392B8 /* FDEBaseViewController.swift */ = {isa = PBXFileReference; lastKnownFileType = sourcecode.swift; path = FDEBaseViewController.swift; sourceTree = "<group>"; };
		8FBDC8C528E6E73F006392B8 /* FDENavigationController.swift */ = {isa = PBXFileReference; lastKnownFileType = sourcecode.swift; path = FDENavigationController.swift; sourceTree = "<group>"; };
		8FBDC8C728E6E73F006392B8 /* DLog.swift */ = {isa = PBXFileReference; lastKnownFileType = sourcecode.swift; path = DLog.swift; sourceTree = "<group>"; };
		8FBDC8C928E6E73F006392B8 /* FDEItemModel.swift */ = {isa = PBXFileReference; lastKnownFileType = sourcecode.swift; path = FDEItemModel.swift; sourceTree = "<group>"; };
		8FBDC8CB28E6E740006392B8 /* Assets.xcassets */ = {isa = PBXFileReference; lastKnownFileType = folder.assetcatalog; path = Assets.xcassets; sourceTree = "<group>"; };
		8FBDC8CE28E6E740006392B8 /* Base */ = {isa = PBXFileReference; lastKnownFileType = file.storyboard; name = Base; path = Base.lproj/LaunchScreen.storyboard; sourceTree = "<group>"; };
		8FBDC8D028E6E740006392B8 /* Info.plist */ = {isa = PBXFileReference; lastKnownFileType = text.plist.xml; path = Info.plist; sourceTree = "<group>"; };
		8FD840092C00890B0072B626 /* FDEVoiceListViewController.swift */ = {isa = PBXFileReference; lastKnownFileType = sourcecode.swift; path = FDEVoiceListViewController.swift; sourceTree = "<group>"; };
		8FD8400B2C00899C0072B626 /* FDEVoiceTableViewCell.swift */ = {isa = PBXFileReference; lastKnownFileType = sourcecode.swift; path = FDEVoiceTableViewCell.swift; sourceTree = "<group>"; };
		B6B0A6ED0AFF003B2F662837 /* Pods_Example.framework */ = {isa = PBXFileReference; explicitFileType = wrapper.framework; includeInIndex = 0; path = Pods_Example.framework; sourceTree = BUILT_PRODUCTS_DIR; };
/* End PBXFileReference section */

/* Begin PBXFrameworksBuildPhase section */
		8FBDC8B128E6E73F006392B8 /* Frameworks */ = {
			isa = PBXFrameworksBuildPhase;
			buildActionMask = 2147483647;
			files = (
				4232F1EB32563D8C543F11EE /* Pods_Example.framework in Frameworks */,
			);
			runOnlyForDeploymentPostprocessing = 0;
		};
/* End PBXFrameworksBuildPhase section */

/* Begin PBXGroup section */
		0C295305B319C0C920C5252C /* Frameworks */ = {
			isa = PBXGroup;
			children = (
				B6B0A6ED0AFF003B2F662837 /* Pods_Example.framework */,
			);
			name = Frameworks;
			sourceTree = "<group>";
		};
		8FBDC8AB28E6E73F006392B8 = {
			isa = PBXGroup;
			children = (
				8FBDC8B628E6E73F006392B8 /* Example */,
				8FBDC8B528E6E73F006392B8 /* Products */,
				AF211E544274B174CB892FBF /* Pods */,
				0C295305B319C0C920C5252C /* Frameworks */,
			);
			sourceTree = "<group>";
		};
		8FBDC8B528E6E73F006392B8 /* Products */ = {
			isa = PBXGroup;
			children = (
				8FBDC8B428E6E73F006392B8 /* Example.app */,
			);
			name = Products;
			sourceTree = "<group>";
		};
		8FBDC8B628E6E73F006392B8 /* Example */ = {
			isa = PBXGroup;
			children = (
				8FBDC8B728E6E73F006392B8 /* AppDelegate.swift */,
				8FBDC8B928E6E73F006392B8 /* FDEHomeViewController.swift */,
				8FBDC8BB28E6E73F006392B8 /* FDEDetailViewController.swift */,
				8FD840092C00890B0072B626 /* FDEVoiceListViewController.swift */,
				8FBDC8BD28E6E73F006392B8 /* FDEMessageViewController.swift */,
				8FBDC8BF28E6E73F006392B8 /* FDEMineViewController.swift */,
				8FBDC8C128E6E73F006392B8 /* FDETabBarController.swift */,
				8FBDC8C328E6E73F006392B8 /* FDEBaseViewController.swift */,
				8FBDC8C528E6E73F006392B8 /* FDENavigationController.swift */,
				8FBDC8C728E6E73F006392B8 /* DLog.swift */,
				8FBDC8C928E6E73F006392B8 /* FDEItemModel.swift */,
				8FD8400B2C00899C0072B626 /* FDEVoiceTableViewCell.swift */,
				8F1BA0E52C008B0B00A61AB1 /* SYAVoiceTextView.swift */,
				8F1BA0EB2C00997600A61AB1 /* FDEVoiceModel.swift */,
				8F1BA0ED2C0099E900A61AB1 /* voiceList.json */,
				8F1BA0E82C008C7100A61AB1 /* ZAELabel.h */,
				8F1BA0E92C008C7100A61AB1 /* ZAELabel.m */,
				8F1BA0EF2C009D6600A61AB1 /* FDEUtils.h */,
				8F1BA0F02C009D6600A61AB1 /* FDEUtils.m */,
				8FB4D0F22BB5B65E00BA73E8 /* 咚咚.mp3 */,
				8FB4D0F12BB5B65E00BA73E8 /* 键盘打字音效.wav */,
				8FBDC8CB28E6E740006392B8 /* Assets.xcassets */,
				8FBDC8CD28E6E740006392B8 /* LaunchScreen.storyboard */,
				8FBDC8D028E6E740006392B8 /* Info.plist */,
				8F1BA0E72C008C7000A61AB1 /* Example-Bridging-Header.h */,
			);
			path = Example;
			sourceTree = "<group>";
		};
		AF211E544274B174CB892FBF /* Pods */ = {
			isa = PBXGroup;
			children = (
				8208F19AB6D81E21F4099FBC /* Pods-Example.debug.xcconfig */,
				67B7DB36D1A969A9DDDEF8A5 /* Pods-Example.release.xcconfig */,
			);
			path = Pods;
			sourceTree = "<group>";
		};
/* End PBXGroup section */

/* Begin PBXNativeTarget section */
		8FBDC8B328E6E73F006392B8 /* Example */ = {
			isa = PBXNativeTarget;
			buildConfigurationList = 8FBDC8D328E6E740006392B8 /* Build configuration list for PBXNativeTarget "Example" */;
			buildPhases = (
				900B7D36D558A17475CDD647 /* [CP] Check Pods Manifest.lock */,
				8FBDC8B028E6E73F006392B8 /* Sources */,
				8FBDC8B128E6E73F006392B8 /* Frameworks */,
				8FBDC8B228E6E73F006392B8 /* Resources */,
				994F37F4D9D98A2C78AAE625 /* [CP] Embed Pods Frameworks */,
			);
			buildRules = (
			);
			dependencies = (
			);
			name = Example;
			productName = Example;
			productReference = 8FBDC8B428E6E73F006392B8 /* Example.app */;
			productType = "com.apple.product-type.application";
		};
/* End PBXNativeTarget section */

/* Begin PBXProject section */
		8FBDC8AC28E6E73F006392B8 /* Project object */ = {
			isa = PBXProject;
			attributes = {
				BuildIndependentTargetsInParallel = 1;
				LastSwiftUpdateCheck = 1400;
				LastUpgradeCheck = 1400;
				TargetAttributes = {
					8FBDC8B328E6E73F006392B8 = {
						CreatedOnToolsVersion = 14.0.1;
						LastSwiftMigration = 1540;
					};
				};
			};
			buildConfigurationList = 8FBDC8AF28E6E73F006392B8 /* Build configuration list for PBXProject "Example" */;
			compatibilityVersion = "Xcode 14.0";
			developmentRegion = en;
			hasScannedForEncodings = 0;
			knownRegions = (
				en,
				Base,
			);
			mainGroup = 8FBDC8AB28E6E73F006392B8;
			productRefGroup = 8FBDC8B528E6E73F006392B8 /* Products */;
			projectDirPath = "";
			projectRoot = "";
			targets = (
				8FBDC8B328E6E73F006392B8 /* Example */,
			);
		};
/* End PBXProject section */

/* Begin PBXResourcesBuildPhase section */
		8FBDC8B228E6E73F006392B8 /* Resources */ = {
			isa = PBXResourcesBuildPhase;
			buildActionMask = 2147483647;
			files = (
				8FB4D0F42BB5B65E00BA73E8 /* 咚咚.mp3 in Resources */,
				8F1BA0EE2C0099E900A61AB1 /* voiceList.json in Resources */,
				8FB4D0F32BB5B65E00BA73E8 /* 键盘打字音效.wav in Resources */,
				8FBDC8CC28E6E740006392B8 /* Assets.xcassets in Resources */,
				8FBDC8CF28E6E740006392B8 /* LaunchScreen.storyboard in Resources */,
			);
			runOnlyForDeploymentPostprocessing = 0;
		};
/* End PBXResourcesBuildPhase section */

/* Begin PBXShellScriptBuildPhase section */
		900B7D36D558A17475CDD647 /* [CP] Check Pods Manifest.lock */ = {
			isa = PBXShellScriptBuildPhase;
			buildActionMask = 2147483647;
			files = (
			);
			inputFileListPaths = (
			);
			inputPaths = (
				"${PODS_PODFILE_DIR_PATH}/Podfile.lock",
				"${PODS_ROOT}/Manifest.lock",
			);
			name = "[CP] Check Pods Manifest.lock";
			outputFileListPaths = (
			);
			outputPaths = (
				"$(DERIVED_FILE_DIR)/Pods-Example-checkManifestLockResult.txt",
			);
			runOnlyForDeploymentPostprocessing = 0;
			shellPath = /bin/sh;
			shellScript = "diff \"${PODS_PODFILE_DIR_PATH}/Podfile.lock\" \"${PODS_ROOT}/Manifest.lock\" > /dev/null\nif [ $? != 0 ] ; then\n    # print error to STDERR\n    echo \"error: The sandbox is not in sync with the Podfile.lock. Run 'pod install' or update your CocoaPods installation.\" >&2\n    exit 1\nfi\n# This output is used by Xcode 'outputs' to avoid re-running this script phase.\necho \"SUCCESS\" > \"${SCRIPT_OUTPUT_FILE_0}\"\n";
			showEnvVarsInLog = 0;
		};
		994F37F4D9D98A2C78AAE625 /* [CP] Embed Pods Frameworks */ = {
			isa = PBXShellScriptBuildPhase;
			buildActionMask = 2147483647;
			files = (
			);
			inputFileListPaths = (
				"${PODS_ROOT}/Target Support Files/Pods-Example/Pods-Example-frameworks-${CONFIGURATION}-input-files.xcfilelist",
			);
			name = "[CP] Embed Pods Frameworks";
			outputFileListPaths = (
				"${PODS_ROOT}/Target Support Files/Pods-Example/Pods-Example-frameworks-${CONFIGURATION}-output-files.xcfilelist",
			);
			runOnlyForDeploymentPostprocessing = 0;
			shellPath = /bin/sh;
			shellScript = "\"${PODS_ROOT}/Target Support Files/Pods-Example/Pods-Example-frameworks.sh\"\n";
			showEnvVarsInLog = 0;
		};
/* End PBXShellScriptBuildPhase section */

/* Begin PBXSourcesBuildPhase section */
		8FBDC8B028E6E73F006392B8 /* Sources */ = {
			isa = PBXSourcesBuildPhase;
			buildActionMask = 2147483647;
			files = (
				8FBDC8BE28E6E73F006392B8 /* FDEMessageViewController.swift in Sources */,
				8FBDC8B828E6E73F006392B8 /* AppDelegate.swift in Sources */,
				8FD8400A2C00890B0072B626 /* FDEVoiceListViewController.swift in Sources */,
				8FBDC8C028E6E73F006392B8 /* FDEMineViewController.swift in Sources */,
				8FBDC8C828E6E73F006392B8 /* DLog.swift in Sources */,
				8F1BA0F12C009D6600A61AB1 /* FDEUtils.m in Sources */,
				8FBDC8C628E6E73F006392B8 /* FDENavigationController.swift in Sources */,
				8FD8400C2C00899C0072B626 /* FDEVoiceTableViewCell.swift in Sources */,
				8FBDC8C228E6E73F006392B8 /* FDETabBarController.swift in Sources */,
				8FBDC8CA28E6E73F006392B8 /* FDEItemModel.swift in Sources */,
				8F1BA0EA2C008C7100A61AB1 /* ZAELabel.m in Sources */,
				8FBDC8C428E6E73F006392B8 /* FDEBaseViewController.swift in Sources */,
				8FBDC8BA28E6E73F006392B8 /* FDEHomeViewController.swift in Sources */,
				8F1BA0E62C008B0B00A61AB1 /* SYAVoiceTextView.swift in Sources */,
				8FBDC8BC28E6E73F006392B8 /* FDEDetailViewController.swift in Sources */,
				8F1BA0EC2C00997600A61AB1 /* FDEVoiceModel.swift in Sources */,
			);
			runOnlyForDeploymentPostprocessing = 0;
		};
/* End PBXSourcesBuildPhase section */

/* Begin PBXVariantGroup section */
		8FBDC8CD28E6E740006392B8 /* LaunchScreen.storyboard */ = {
			isa = PBXVariantGroup;
			children = (
				8FBDC8CE28E6E740006392B8 /* Base */,
			);
			name = LaunchScreen.storyboard;
			sourceTree = "<group>";
		};
/* End PBXVariantGroup section */

/* Begin XCBuildConfiguration section */
		8FBDC8D128E6E740006392B8 /* Debug */ = {
			isa = XCBuildConfiguration;
			buildSettings = {
				ALWAYS_SEARCH_USER_PATHS = NO;
				CLANG_ANALYZER_NONNULL = YES;
				CLANG_ANALYZER_NUMBER_OBJECT_CONVERSION = YES_AGGRESSIVE;
				CLANG_CXX_LANGUAGE_STANDARD = "gnu++20";
				CLANG_ENABLE_MODULES = YES;
				CLANG_ENABLE_OBJC_ARC = YES;
				CLANG_ENABLE_OBJC_WEAK = YES;
				CLANG_WARN_BLOCK_CAPTURE_AUTORELEASING = YES;
				CLANG_WARN_BOOL_CONVERSION = YES;
				CLANG_WARN_COMMA = YES;
				CLANG_WARN_CONSTANT_CONVERSION = YES;
				CLANG_WARN_DEPRECATED_OBJC_IMPLEMENTATIONS = YES;
				CLANG_WARN_DIRECT_OBJC_ISA_USAGE = YES_ERROR;
				CLANG_WARN_DOCUMENTATION_COMMENTS = YES;
				CLANG_WARN_EMPTY_BODY = YES;
				CLANG_WARN_ENUM_CONVERSION = YES;
				CLANG_WARN_INFINITE_RECURSION = YES;
				CLANG_WARN_INT_CONVERSION = YES;
				CLANG_WARN_NON_LITERAL_NULL_CONVERSION = YES;
				CLANG_WARN_OBJC_IMPLICIT_RETAIN_SELF = YES;
				CLANG_WARN_OBJC_LITERAL_CONVERSION = YES;
				CLANG_WARN_OBJC_ROOT_CLASS = YES_ERROR;
				CLANG_WARN_QUOTED_INCLUDE_IN_FRAMEWORK_HEADER = YES;
				CLANG_WARN_RANGE_LOOP_ANALYSIS = YES;
				CLANG_WARN_STRICT_PROTOTYPES = YES;
				CLANG_WARN_SUSPICIOUS_MOVE = YES;
				CLANG_WARN_UNGUARDED_AVAILABILITY = YES_AGGRESSIVE;
				CLANG_WARN_UNREACHABLE_CODE = YES;
				CLANG_WARN__DUPLICATE_METHOD_MATCH = YES;
				COPY_PHASE_STRIP = NO;
				DEBUG_INFORMATION_FORMAT = dwarf;
				ENABLE_STRICT_OBJC_MSGSEND = YES;
				ENABLE_TESTABILITY = YES;
				GCC_C_LANGUAGE_STANDARD = gnu11;
				GCC_DYNAMIC_NO_PIC = NO;
				GCC_NO_COMMON_BLOCKS = YES;
				GCC_OPTIMIZATION_LEVEL = 0;
				GCC_PREPROCESSOR_DEFINITIONS = (
					"DEBUG=1",
					"$(inherited)",
				);
				GCC_WARN_64_TO_32_BIT_CONVERSION = YES;
				GCC_WARN_ABOUT_RETURN_TYPE = YES_ERROR;
				GCC_WARN_UNDECLARED_SELECTOR = YES;
				GCC_WARN_UNINITIALIZED_AUTOS = YES_AGGRESSIVE;
				GCC_WARN_UNUSED_FUNCTION = YES;
				GCC_WARN_UNUSED_VARIABLE = YES;
				IPHONEOS_DEPLOYMENT_TARGET = 16.0;
				MTL_ENABLE_DEBUG_INFO = INCLUDE_SOURCE;
				MTL_FAST_MATH = YES;
				ONLY_ACTIVE_ARCH = YES;
				SDKROOT = iphoneos;
				SWIFT_ACTIVE_COMPILATION_CONDITIONS = DEBUG;
				SWIFT_OPTIMIZATION_LEVEL = "-Onone";
			};
			name = Debug;
		};
		8FBDC8D228E6E740006392B8 /* Release */ = {
			isa = XCBuildConfiguration;
			buildSettings = {
				ALWAYS_SEARCH_USER_PATHS = NO;
				CLANG_ANALYZER_NONNULL = YES;
				CLANG_ANALYZER_NUMBER_OBJECT_CONVERSION = YES_AGGRESSIVE;
				CLANG_CXX_LANGUAGE_STANDARD = "gnu++20";
				CLANG_ENABLE_MODULES = YES;
				CLANG_ENABLE_OBJC_ARC = YES;
				CLANG_ENABLE_OBJC_WEAK = YES;
				CLANG_WARN_BLOCK_CAPTURE_AUTORELEASING = YES;
				CLANG_WARN_BOOL_CONVERSION = YES;
				CLANG_WARN_COMMA = YES;
				CLANG_WARN_CONSTANT_CONVERSION = YES;
				CLANG_WARN_DEPRECATED_OBJC_IMPLEMENTATIONS = YES;
				CLANG_WARN_DIRECT_OBJC_ISA_USAGE = YES_ERROR;
				CLANG_WARN_DOCUMENTATION_COMMENTS = YES;
				CLANG_WARN_EMPTY_BODY = YES;
				CLANG_WARN_ENUM_CONVERSION = YES;
				CLANG_WARN_INFINITE_RECURSION = YES;
				CLANG_WARN_INT_CONVERSION = YES;
				CLANG_WARN_NON_LITERAL_NULL_CONVERSION = YES;
				CLANG_WARN_OBJC_IMPLICIT_RETAIN_SELF = YES;
				CLANG_WARN_OBJC_LITERAL_CONVERSION = YES;
				CLANG_WARN_OBJC_ROOT_CLASS = YES_ERROR;
				CLANG_WARN_QUOTED_INCLUDE_IN_FRAMEWORK_HEADER = YES;
				CLANG_WARN_RANGE_LOOP_ANALYSIS = YES;
				CLANG_WARN_STRICT_PROTOTYPES = YES;
				CLANG_WARN_SUSPICIOUS_MOVE = YES;
				CLANG_WARN_UNGUARDED_AVAILABILITY = YES_AGGRESSIVE;
				CLANG_WARN_UNREACHABLE_CODE = YES;
				CLANG_WARN__DUPLICATE_METHOD_MATCH = YES;
				COPY_PHASE_STRIP = NO;
				DEBUG_INFORMATION_FORMAT = "dwarf-with-dsym";
				ENABLE_NS_ASSERTIONS = NO;
				ENABLE_STRICT_OBJC_MSGSEND = YES;
				GCC_C_LANGUAGE_STANDARD = gnu11;
				GCC_NO_COMMON_BLOCKS = YES;
				GCC_WARN_64_TO_32_BIT_CONVERSION = YES;
				GCC_WARN_ABOUT_RETURN_TYPE = YES_ERROR;
				GCC_WARN_UNDECLARED_SELECTOR = YES;
				GCC_WARN_UNINITIALIZED_AUTOS = YES_AGGRESSIVE;
				GCC_WARN_UNUSED_FUNCTION = YES;
				GCC_WARN_UNUSED_VARIABLE = YES;
				IPHONEOS_DEPLOYMENT_TARGET = 16.0;
				MTL_ENABLE_DEBUG_INFO = NO;
				MTL_FAST_MATH = YES;
				SDKROOT = iphoneos;
				SWIFT_COMPILATION_MODE = wholemodule;
				SWIFT_OPTIMIZATION_LEVEL = "-O";
				VALIDATE_PRODUCT = YES;
			};
			name = Release;
		};
		8FBDC8D428E6E740006392B8 /* Debug */ = {
			isa = XCBuildConfiguration;
			baseConfigurationReference = 8208F19AB6D81E21F4099FBC /* Pods-Example.debug.xcconfig */;
			buildSettings = {
				ASSETCATALOG_COMPILER_APPICON_NAME = AppIcon;
				ASSETCATALOG_COMPILER_GLOBAL_ACCENT_COLOR_NAME = AccentColor;
				CLANG_ENABLE_MODULES = YES;
				CODE_SIGN_STYLE = Automatic;
				CURRENT_PROJECT_VERSION = 1;
				DEVELOPMENT_TEAM = 23DWX64F7P;
				GENERATE_INFOPLIST_FILE = YES;
				INFOPLIST_FILE = Example/Info.plist;
				INFOPLIST_KEY_UIApplicationSupportsIndirectInputEvents = YES;
				INFOPLIST_KEY_UILaunchStoryboardName = LaunchScreen;
				INFOPLIST_KEY_UISupportedInterfaceOrientations_iPad = "UIInterfaceOrientationPortrait UIInterfaceOrientationPortraitUpsideDown UIInterfaceOrientationLandscapeLeft UIInterfaceOrientationLandscapeRight";
				INFOPLIST_KEY_UISupportedInterfaceOrientations_iPhone = "UIInterfaceOrientationPortrait UIInterfaceOrientationLandscapeLeft UIInterfaceOrientationLandscapeRight";
				IPHONEOS_DEPLOYMENT_TARGET = 13.0;
				LD_RUNPATH_SEARCH_PATHS = (
					"$(inherited)",
					"@executable_path/Frameworks",
				);
				MARKETING_VERSION = 1.0;
				PRODUCT_BUNDLE_IDENTIFIER = com.ogc.www;
				PRODUCT_NAME = "$(TARGET_NAME)";
				SWIFT_EMIT_LOC_STRINGS = YES;
				SWIFT_OBJC_BRIDGING_HEADER = "Example/Example-Bridging-Header.h";
				SWIFT_OPTIMIZATION_LEVEL = "-Onone";
				SWIFT_VERSION = 5.0;
				TARGETED_DEVICE_FAMILY = "1,2";
			};
			name = Debug;
		};
		8FBDC8D528E6E740006392B8 /* Release */ = {
			isa = XCBuildConfiguration;
			baseConfigurationReference = 67B7DB36D1A969A9DDDEF8A5 /* Pods-Example.release.xcconfig */;
			buildSettings = {
				ASSETCATALOG_COMPILER_APPICON_NAME = AppIcon;
				ASSETCATALOG_COMPILER_GLOBAL_ACCENT_COLOR_NAME = AccentColor;
				CLANG_ENABLE_MODULES = YES;
				CODE_SIGN_STYLE = Automatic;
				CURRENT_PROJECT_VERSION = 1;
				DEVELOPMENT_TEAM = 23DWX64F7P;
				GENERATE_INFOPLIST_FILE = YES;
				INFOPLIST_FILE = Example/Info.plist;
				INFOPLIST_KEY_UIApplicationSupportsIndirectInputEvents = YES;
				INFOPLIST_KEY_UILaunchStoryboardName = LaunchScreen;
				INFOPLIST_KEY_UISupportedInterfaceOrientations_iPad = "UIInterfaceOrientationPortrait UIInterfaceOrientationPortraitUpsideDown UIInterfaceOrientationLandscapeLeft UIInterfaceOrientationLandscapeRight";
				INFOPLIST_KEY_UISupportedInterfaceOrientations_iPhone = "UIInterfaceOrientationPortrait UIInterfaceOrientationLandscapeLeft UIInterfaceOrientationLandscapeRight";
				IPHONEOS_DEPLOYMENT_TARGET = 13.0;
				LD_RUNPATH_SEARCH_PATHS = (
					"$(inherited)",
					"@executable_path/Frameworks",
				);
				MARKETING_VERSION = 1.0;
				PRODUCT_BUNDLE_IDENTIFIER = com.ogc.www;
				PRODUCT_NAME = "$(TARGET_NAME)";
				SWIFT_EMIT_LOC_STRINGS = YES;
				SWIFT_OBJC_BRIDGING_HEADER = "Example/Example-Bridging-Header.h";
				SWIFT_VERSION = 5.0;
				TARGETED_DEVICE_FAMILY = "1,2";
			};
			name = Release;
		};
/* End XCBuildConfiguration section */

/* Begin XCConfigurationList section */
		8FBDC8AF28E6E73F006392B8 /* Build configuration list for PBXProject "Example" */ = {
			isa = XCConfigurationList;
			buildConfigurations = (
				8FBDC8D128E6E740006392B8 /* Debug */,
				8FBDC8D228E6E740006392B8 /* Release */,
			);
			defaultConfigurationIsVisible = 0;
			defaultConfigurationName = Release;
		};
		8FBDC8D328E6E740006392B8 /* Build configuration list for PBXNativeTarget "Example" */ = {
			isa = XCConfigurationList;
			buildConfigurations = (
				8FBDC8D428E6E740006392B8 /* Debug */,
				8FBDC8D528E6E740006392B8 /* Release */,
			);
			defaultConfigurationIsVisible = 0;
			defaultConfigurationName = Release;
		};
/* End XCConfigurationList section */
	};
	rootObject = 8FBDC8AC28E6E73F006392B8 /* Project object */;
}
